
Microsoft Visual Studio Solution File, Format Version 12.00
# Visual Studio 14
VisualStudioVersion = 14.0.23107.0
MinimumVisualStudioVersion = 10.0.40219.1
Project("{8BC9CEB8-8B4A-11D0-8D11-00A0C91BC942}") = "nampower", "nampower\nampower.vcxproj", "{ADBF135C-6D72-4F02-98B9-17B5C9BC5B9E}"
EndProject
Project("{8BC9CEB8-8B4A-11D0-8D11-00A0C91BC942}") = "loader", "loader\loader.vcxproj", "{62045F05-596D-4DE1-BD19-60455A3B2A0A}"
EndProject
Global
	GlobalSection(SolutionConfigurationPlatforms) = preSolution
		Debug|Win32 = Debug|Win32
		Release|Win32 = Release|Win32
	EndGlobalSection
	GlobalSection(ProjectConfigurationPlatforms) = postSolution
		{ADBF135C-6D72-4F02-98B9-17B5C9BC5B9E}.Debug|Win32.ActiveCfg = Debug|Win32
		{ADBF135C-6D72-4F02-98B9-17B5C9BC5B9E}.Debug|Win32.Build.0 = Debug|Win32
		{ADBF135C-6D72-4F02-98B9-17B5C9BC5B9E}.Release|Win32.ActiveCfg = Release|Win32
		{ADBF135C-6D72-4F02-98B9-17B5C9BC5B9E}.Release|Win32.Build.0 = Release|Win32
		{62045F05-596D-4DE1-BD19-60455A3B2A0A}.Debug|Win32.ActiveCfg = Debug|Win32
		{62045F05-596D-4DE1-BD19-60455A3B2A0A}.Debug|Win32.Build.0 = Debug|Win32
		{62045F05-596D-4DE1-BD19-60455A3B2A0A}.Release|Win32.ActiveCfg = Release|Win32
		{62045F05-596D-4DE1-BD19-60455A3B2A0A}.Release|Win32.Build.0 = Release|Win32
	EndGlobalSection
	GlobalSection(SolutionProperties) = preSolution
		HideSolutionNode = FALSE
	EndGlobalSection
EndGlobal
